
Microsoft Visual Studio Solution File, Format Version 12.00
# Visual Studio Version 16
VisualStudioVersion = 16.0.30011.22
MinimumVisualStudioVersion = 10.0.40219.1
Project("{FAE04EC0-301F-11D3-BF4B-00C04F79EFBC}") = "PrjectManagmentBackEnd", "PrjectManagmentBackEnd\PrjectManagmentBackEnd.csproj", "{17E11408-6545-49D4-820F-80C26913245F}"
EndProject
Project("{FAE04EC0-301F-11D3-BF4B-00C04F79EFBC}") = "DAL", "DAL\DAL.csproj", "{CE470931-EF1E-4035-8689-1141FB8104CC}"
EndProject
Project("{FAE04EC0-301F-11D3-BF4B-00C04F79EFBC}") = "BLL", "BLL\BLL.csproj", "{AB34B787-A8EB-436F-AD7B-F06B497D5815}"
EndProject
Global
	GlobalSection(SolutionConfigurationPlatforms) = preSolution
		Debug|Any CPU = Debug|Any CPU
		Release|Any CPU = Release|Any CPU
	EndGlobalSection
	GlobalSection(ProjectConfigurationPlatforms) = postSolution
		{17E11408-6545-49D4-820F-80C26913245F}.Debug|Any CPU.ActiveCfg = Debug|Any CPU
		{17E11408-6545-49D4-820F-80C26913245F}.Debug|Any CPU.Build.0 = Debug|Any CPU
		{17E11408-6545-49D4-820F-80C26913245F}.Release|Any CPU.ActiveCfg = Release|Any CPU
		{17E11408-6545-49D4-820F-80C26913245F}.Release|Any CPU.Build.0 = Release|Any CPU
		{CE470931-EF1E-4035-8689-1141FB8104CC}.Debug|Any CPU.ActiveCfg = Debug|Any CPU
		{CE470931-EF1E-4035-8689-1141FB8104CC}.Debug|Any CPU.Build.0 = Debug|Any CPU
		{CE470931-EF1E-4035-8689-1141FB8104CC}.Release|Any CPU.ActiveCfg = Release|Any CPU
		{CE470931-EF1E-4035-8689-1141FB8104CC}.Release|Any CPU.Build.0 = Release|Any CPU
		{AB34B787-A8EB-436F-AD7B-F06B497D5815}.Debug|Any CPU.ActiveCfg = Debug|Any CPU
		{AB34B787-A8EB-436F-AD7B-F06B497D5815}.Debug|Any CPU.Build.0 = Debug|Any CPU
		{AB34B787-A8EB-436F-AD7B-F06B497D5815}.Release|Any CPU.ActiveCfg = Release|Any CPU
		{AB34B787-A8EB-436F-AD7B-F06B497D5815}.Release|Any CPU.Build.0 = Release|Any CPU
	EndGlobalSection
	GlobalSection(SolutionProperties) = preSolution
		HideSolutionNode = FALSE
	EndGlobalSection
	GlobalSection(ExtensibilityGlobals) = postSolution
		SolutionGuid = {219AAACE-2E04-4636-BB57-2358C90D6B09}
	EndGlobalSection
EndGlobal
